{
  "name": "speechmatics-livecaptions",
  "lockfileVersion": 3,
  "requires": true,
  "packages": {
    "": {
      "dependencies": {
        "@speechmatics/real-time-client": "^5.0.10",
        "dotenv": "^16.4.7",
        "fs": "^0.0.1-security"
      }
    },
    "node_modules/@speechmatics/real-time-client": {
      "version": "5.0.10",
      "resolved": "https://registry.npmjs.org/@speechmatics/real-time-client/-/real-time-client-5.0.10.tgz",
      "integrity": "sha512-QfkeB6js33JmqjWF2uoXJ5VTPLExdRJnzj+hvbc7UUbWms1vyBBzf4gHVtiiu5CDp/zKfle0sH8PLU5MmBVcQw==",
      "dependencies": {
        "typescript-event-target": "^1.1.1",
        "ws": "^8.18.0"
      }
    },
    "node_modules/dotenv": {
      "version": "16.4.7",
      "resolved": "https://registry.npmjs.org/dotenv/-/dotenv-16.4.7.tgz",
      "integrity": "sha512-47qPchRCykZC03FhkYAhrvwU4xDBFIj1QPqaarj6mdM/hgUzfPHcpkHJOn3mJAufFeeAxAzeGsr5X0M4k6fLZQ==",
      "engines": {
        "node": ">=12"
      },
      "funding": {
        "url": "https://dotenvx.com"
      }
    },
    "node_modules/fs": {
      "version": "0.0.1-security",
      "resolved": "https://registry.npmjs.org/fs/-/fs-0.0.1-security.tgz",
      "integrity": "sha512-3XY9e1pP0CVEUCdj5BmfIZxRBTSDycnbqhIOGec9QYtmVH2fbLpj86CFWkrNOkt/Fvty4KZG5lTglL9j/gJ87w=="
    },
    "node_modules/typescript-event-target": {
      "version": "1.1.1",
      "resolved": "https://registry.npmjs.org/typescript-event-target/-/typescript-event-target-1.1.1.tgz",
      "integrity": "sha512-dFSOFBKV6uwaloBCCUhxlD3Pr/P1a/tJdcmPrTXCHlEFD3faj0mztjcGn6VBAhQ0/Bdy8K3VWrrqwbt/ffsYsg=="
    },
    "node_modules/ws": {
      "version": "8.18.1",
      "resolved": "https://registry.npmjs.org/ws/-/ws-8.18.1.tgz",
      "integrity": "sha512-RKW2aJZMXeMxVpnZ6bck+RswznaxmzdULiBr6KY7XkTnW8uvt0iT9H5DkHUChXrc+uurzwa0rVI16n/Xzjdz1w==",
      "engines": {
        "node": ">=10.0.0"
      },
      "peerDependencies": {
        "bufferutil": "^4.0.1",
        "utf-8-validate": ">=5.0.2"
      },
      "peerDependenciesMeta": {
        "bufferutil": {
          "optional": true
        },
        "utf-8-validate": {
          "optional": true
        }
      }
    }
  }
}
